{
  "name": "@r-hurricane/discord-notifier",
  "version": "1.0.0-alpha.1",
  "lockfileVersion": 3,
  "requires": true,
  "packages": {
    "": {
      "name": "@r-hurricane/discord-notifier",
      "version": "1.0.0-alpha.1",
      "license": "MIT",
      "dependencies": {
        "@r-hurricane/atcf-parser": "^1.0.0-alpha.1",
        "@r-hurricane/noaa-file-watcher-client": "^1.0.0-alpha.1",
        "@r-hurricane/two-parser": "^1.0.0-alpha.1",
        "@r-hurricane/wmo-parser": "^1.0.0-alpha.1",
        "config": "^3.3.12"
      },
      "devDependencies": {
        "@types/config": "^3.3.5",
        "@types/node": "^22.10.1",
        "typescript": "^5.7.2"
      }
    },
    "../../noaa-file-watcher-client": {
      "name": "@r-hurricane/noaa-file-watcher-client",
      "version": "1.0.0-alpha.1",
      "license": "MIT",
      "devDependencies": {
        "@types/node": "^22.10.1",
        "typescript": "^5.7.2"
      }
    },
    "../../noaa-file-watcher-client/node_modules/@types/node": {
      "version": "22.10.4",
      "dev": true,
      "license": "MIT",
      "dependencies": {
        "undici-types": "~6.20.0"
      }
    },
    "../../noaa-file-watcher-client/node_modules/typescript": {
      "version": "5.7.2",
      "dev": true,
      "license": "Apache-2.0",
      "bin": {
        "tsc": "bin/tsc",
        "tsserver": "bin/tsserver"
      },
      "engines": {
        "node": ">=14.17"
      }
    },
    "../../noaa-file-watcher-client/node_modules/undici-types": {
      "version": "6.20.0",
      "dev": true,
      "license": "MIT"
    },
    "../../parsers/atcf-parser": {
      "name": "@r-hurricane/atcf-parser",
      "version": "1.0.0-alpha.1",
      "license": "MIT",
      "bin": {
        "atcf2json": "dist/bin/atcf2json.js"
      },
      "devDependencies": {
        "@types/node": "^22.10.1",
        "typescript": "^5.7.2"
      }
    },
    "../../parsers/atcf-parser/node_modules/@types/node": {
      "version": "22.10.2",
      "dev": true,
      "license": "MIT",
      "dependencies": {
        "undici-types": "~6.20.0"
      }
    },
    "../../parsers/atcf-parser/node_modules/typescript": {
      "version": "5.7.2",
      "dev": true,
      "license": "Apache-2.0",
      "bin": {
        "tsc": "bin/tsc",
        "tsserver": "bin/tsserver"
      },
      "engines": {
        "node": ">=14.17"
      }
    },
    "../../parsers/atcf-parser/node_modules/undici-types": {
      "version": "6.20.0",
      "dev": true,
      "license": "MIT"
    },
    "../../parsers/two-parser": {
      "name": "@r-hurricane/two-parser",
      "version": "1.0.0-alpha.1",
      "license": "MIT",
      "dependencies": {
        "@r-hurricane/wmo-parser": "^1.0.0-alpha.1",
        "but-unzip": "^0.1.4",
        "shpjs": "^6.1.0"
      },
      "bin": {
        "two2json": "dist/bin/two2json.js"
      },
      "devDependencies": {
        "@types/node": "^22.10.1",
        "typescript": "^5.7.2"
      }
    },
    "../../parsers/two-parser/node_modules/@r-hurricane/wmo-parser": {
      "resolved": "../../parsers/wmo-parser",
      "link": true
    },
    "../../parsers/two-parser/node_modules/@types/node": {
      "version": "22.10.7",
      "dev": true,
      "license": "MIT",
      "dependencies": {
        "undici-types": "~6.20.0"
      }
    },
    "../../parsers/two-parser/node_modules/but-unzip": {
      "version": "0.1.4",
      "license": "Apache-2.0"
    },
    "../../parsers/two-parser/node_modules/mgrs": {
      "version": "1.0.0",
      "license": "MIT"
    },
    "../../parsers/two-parser/node_modules/parsedbf": {
      "version": "2.0.0",
      "license": "MIT"
    },
    "../../parsers/two-parser/node_modules/proj4": {
      "version": "2.15.0",
      "license": "MIT",
      "dependencies": {
        "mgrs": "1.0.0",
        "wkt-parser": "^1.4.0"
      }
    },
    "../../parsers/two-parser/node_modules/shpjs": {
      "version": "6.1.0",
      "license": "MIT",
      "dependencies": {
        "but-unzip": "^0.1.4",
        "parsedbf": "^2.0.0",
        "proj4": "^2.1.4"
      }
    },
    "../../parsers/two-parser/node_modules/typescript": {
      "version": "5.7.3",
      "dev": true,
      "license": "Apache-2.0",
      "bin": {
        "tsc": "bin/tsc",
        "tsserver": "bin/tsserver"
      },
      "engines": {
        "node": ">=14.17"
      }
    },
    "../../parsers/two-parser/node_modules/undici-types": {
      "version": "6.20.0",
      "dev": true,
      "license": "MIT"
    },
    "../../parsers/two-parser/node_modules/wkt-parser": {
      "version": "1.4.0",
      "license": "MIT"
    },
    "../../parsers/wmo-parser": {
      "name": "@r-hurricane/wmo-parser",
      "version": "1.0.0-alpha.1",
      "license": "MIT",
      "dependencies": {
        "date-fns": "^4.1.0"
      },
      "bin": {
        "wmo2json": "dist/bin/wmo2json.js"
      },
      "devDependencies": {
        "@types/node": "^22.10.1",
        "typescript": "^5.7.2"
      }
    },
    "../../parsers/wmo-parser/node_modules/@types/node": {
      "version": "22.10.2",
      "dev": true,
      "license": "MIT",
      "dependencies": {
        "undici-types": "~6.20.0"
      }
    },
    "../../parsers/wmo-parser/node_modules/date-fns": {
      "version": "4.1.0",
      "license": "MIT",
      "funding": {
        "type": "github",
        "url": "https://github.com/sponsors/kossnocorp"
      }
    },
    "../../parsers/wmo-parser/node_modules/typescript": {
      "version": "5.7.2",
      "dev": true,
      "license": "Apache-2.0",
      "bin": {
        "tsc": "bin/tsc",
        "tsserver": "bin/tsserver"
      },
      "engines": {
        "node": ">=14.17"
      }
    },
    "../../parsers/wmo-parser/node_modules/undici-types": {
      "version": "6.20.0",
      "dev": true,
      "license": "MIT"
    },
    "node_modules/@r-hurricane/atcf-parser": {
      "resolved": "../../parsers/atcf-parser",
      "link": true
    },
    "node_modules/@r-hurricane/noaa-file-watcher-client": {
      "resolved": "../../noaa-file-watcher-client",
      "link": true
    },
    "node_modules/@r-hurricane/two-parser": {
      "resolved": "../../parsers/two-parser",
      "link": true
    },
    "node_modules/@r-hurricane/wmo-parser": {
      "resolved": "../../parsers/wmo-parser",
      "link": true
    },
    "node_modules/@types/config": {
      "version": "3.3.5",
      "dev": true,
      "license": "MIT"
    },
    "node_modules/@types/node": {
      "version": "22.10.7",
      "dev": true,
      "license": "MIT",
      "dependencies": {
        "undici-types": "~6.20.0"
      }
    },
    "node_modules/config": {
      "version": "3.3.12",
      "license": "MIT",
      "dependencies": {
        "json5": "^2.2.3"
      },
      "engines": {
        "node": ">= 10.0.0"
      }
    },
    "node_modules/json5": {
      "version": "2.2.3",
      "license": "MIT",
      "bin": {
        "json5": "lib/cli.js"
      },
      "engines": {
        "node": ">=6"
      }
    },
    "node_modules/typescript": {
      "version": "5.7.3",
      "dev": true,
      "license": "Apache-2.0",
      "bin": {
        "tsc": "bin/tsc",
        "tsserver": "bin/tsserver"
      },
      "engines": {
        "node": ">=14.17"
      }
    },
    "node_modules/undici-types": {
      "version": "6.20.0",
      "dev": true,
      "license": "MIT"
    }
  }
}
