{
  "name": "@r-hurricane/discord-notifier",
  "version": "1.0.0-alpha.1",
  "lockfileVersion": 3,
  "requires": true,
  "packages": {
    "": {
      "name": "@r-hurricane/discord-notifier",
      "version": "1.0.0-alpha.1",
      "license": "MIT",
      "dependencies": {
        "@r-hurricane/atcf-parser": "^1.0.0-alpha.1",
        "@r-hurricane/noaa-file-watcher-client": "^1.0.0-alpha.1",
        "@r-hurricane/wmo-parser": "^1.0.0-alpha.1",
        "config": "^3.3.12"
      },
      "devDependencies": {
        "@types/config": "^3.3.5",
        "@types/node": "^22.10.1",
        "typescript": "^5.7.2"
      }
    },
    "../../noaa-file-watcher-client": {
      "name": "@r-hurricane/noaa-file-watcher-client",
      "version": "1.0.0-alpha.1",
      "license": "MIT",
      "devDependencies": {
        "@types/node": "^22.10.1",
        "typescript": "^5.7.2"
      }
    },
    "../../noaa-file-watcher-client/node_modules/@types/node": {
      "version": "22.10.4",
      "dev": true,
      "license": "MIT",
      "dependencies": {
        "undici-types": "~6.20.0"
      }
    },
    "../../noaa-file-watcher-client/node_modules/typescript": {
      "version": "5.7.2",
      "dev": true,
      "license": "Apache-2.0",
      "bin": {
        "tsc": "bin/tsc",
        "tsserver": "bin/tsserver"
      },
      "engines": {
        "node": ">=14.17"
      }
    },
    "../../noaa-file-watcher-client/node_modules/undici-types": {
      "version": "6.20.0",
      "dev": true,
      "license": "MIT"
    },
    "../../parsers/atcf-parser": {
      "name": "@r-hurricane/atcf-parser",
      "version": "1.0.0-alpha.1",
      "license": "MIT",
      "bin": {
        "atcf2json": "dist/bin/atcf2json.js"
      },
      "devDependencies": {
        "@types/node": "^22.10.1",
        "typescript": "^5.7.2"
      }
    },
    "../../parsers/atcf-parser/node_modules/@types/node": {
      "version": "22.10.2",
      "dev": true,
      "license": "MIT",
      "dependencies": {
        "undici-types": "~6.20.0"
      }
    },
    "../../parsers/atcf-parser/node_modules/typescript": {
      "version": "5.7.2",
      "dev": true,
      "license": "Apache-2.0",
      "bin": {
        "tsc": "bin/tsc",
        "tsserver": "bin/tsserver"
      },
      "engines": {
        "node": ">=14.17"
      }
    },
    "../../parsers/atcf-parser/node_modules/undici-types": {
      "version": "6.20.0",
      "dev": true,
      "license": "MIT"
    },
    "../../parsers/wmo-parser": {
      "name": "@r-hurricane/wmo-parser",
      "version": "1.0.0-alpha.1",
      "license": "MIT",
      "dependencies": {
        "date-fns": "^4.1.0"
      },
      "bin": {
        "wmo2json": "dist/bin/wmo2json.js"
      },
      "devDependencies": {
        "@types/node": "^22.10.1",
        "typescript": "^5.7.2"
      }
    },
    "../../parsers/wmo-parser/node_modules/@types/node": {
      "version": "22.10.2",
      "dev": true,
      "license": "MIT",
      "dependencies": {
        "undici-types": "~6.20.0"
      }
    },
    "../../parsers/wmo-parser/node_modules/date-fns": {
      "version": "4.1.0",
      "license": "MIT",
      "funding": {
        "type": "github",
        "url": "https://github.com/sponsors/kossnocorp"
      }
    },
    "../../parsers/wmo-parser/node_modules/typescript": {
      "version": "5.7.2",
      "dev": true,
      "license": "Apache-2.0",
      "bin": {
        "tsc": "bin/tsc",
        "tsserver": "bin/tsserver"
      },
      "engines": {
        "node": ">=14.17"
      }
    },
    "../../parsers/wmo-parser/node_modules/undici-types": {
      "version": "6.20.0",
      "dev": true,
      "license": "MIT"
    },
    "node_modules/@r-hurricane/atcf-parser": {
      "resolved": "../../parsers/atcf-parser",
      "link": true
    },
    "node_modules/@r-hurricane/noaa-file-watcher-client": {
      "resolved": "../../noaa-file-watcher-client",
      "link": true
    },
    "node_modules/@r-hurricane/wmo-parser": {
      "resolved": "../../parsers/wmo-parser",
      "link": true
    },
    "node_modules/@types/config": {
      "version": "3.3.5",
      "resolved": "https://registry.npmjs.org/@types/config/-/config-3.3.5.tgz",
      "integrity": "sha512-itq2HtXQBrNUKwMNZnb9mBRE3T99VYCdl1gjST9rq+9kFaB1iMMGuDeZnP88qid73DnpAMKH9ZolqDpS1Lz7+w==",
      "dev": true,
      "license": "MIT"
    },
    "node_modules/@types/node": {
      "version": "22.10.5",
      "dev": true,
      "license": "MIT",
      "dependencies": {
        "undici-types": "~6.20.0"
      }
    },
    "node_modules/config": {
      "version": "3.3.12",
      "resolved": "https://registry.npmjs.org/config/-/config-3.3.12.tgz",
      "integrity": "sha512-Vmx389R/QVM3foxqBzXO8t2tUikYZP64Q6vQxGrsMpREeJc/aWRnPRERXWsYzOHAumx/AOoILWe6nU3ZJL+6Sw==",
      "license": "MIT",
      "dependencies": {
        "json5": "^2.2.3"
      },
      "engines": {
        "node": ">= 10.0.0"
      }
    },
    "node_modules/json5": {
      "version": "2.2.3",
      "resolved": "https://registry.npmjs.org/json5/-/json5-2.2.3.tgz",
      "integrity": "sha512-XmOWe7eyHYH14cLdVPoyg+GOH3rYX++KpzrylJwSW98t3Nk+U8XOl8FWKOgwtzdb8lXGf6zYwDUzeHMWfxasyg==",
      "license": "MIT",
      "bin": {
        "json5": "lib/cli.js"
      },
      "engines": {
        "node": ">=6"
      }
    },
    "node_modules/typescript": {
      "version": "5.7.2",
      "dev": true,
      "license": "Apache-2.0",
      "bin": {
        "tsc": "bin/tsc",
        "tsserver": "bin/tsserver"
      },
      "engines": {
        "node": ">=14.17"
      }
    },
    "node_modules/undici-types": {
      "version": "6.20.0",
      "dev": true,
      "license": "MIT"
    }
  }
}
